PODS:
  - OrkaCoreDataWrapper (1.0.0)

DEPENDENCIES:
  - OrkaCoreDataWrapper (from `../`)

EXTERNAL SOURCES:
  OrkaCoreDataWrapper:
    :path: "../"

SPEC CHECKSUMS:
  OrkaCoreDataWrapper: 2027574d808c28759fe016809bb5e993280f74c6

PODFILE CHECKSUM: e20ea4cb1c54952d3277a51e6570397c4ca5bef5

COCOAPODS: 1.11.3
