// !$*UTF8*$!
{
	archiveVersion = 1;
	classes = {
	};
	objectVersion = 55;
	objects = {

/* Begin PBXBuildFile section */
		045DB58A29A9701F00C90394 /* OrkaCoreDataWrapper in Frameworks */ = {isa = PBXBuildFile; productRef = 045DB58929A9701F00C90394 /* OrkaCoreDataWrapper */; };
		28109BF02887504C006B8FD7 /* User.swift in Sources */ = {isa = PBXBuildFile; fileRef = 28109BEF2887504C006B8FD7 /* User.swift */; };
		28109BF328875BDF006B8FD7 /* UserRow.swift in Sources */ = {isa = PBXBuildFile; fileRef = 28109BF228875BDF006B8FD7 /* UserRow.swift */; };
		28109BF528875BE9006B8FD7 /* UserList.swift in Sources */ = {isa = PBXBuildFile; fileRef = 28109BF428875BE9006B8FD7 /* UserList.swift */; };
		286AFAD928874AF500B3F30F /* coreDataWrapper_DemoApp.swift in Sources */ = {isa = PBXBuildFile; fileRef = 286AFAD828874AF500B3F30F /* coreDataWrapper_DemoApp.swift */; };
		286AFADB28874AF500B3F30F /* ContentView.swift in Sources */ = {isa = PBXBuildFile; fileRef = 286AFADA28874AF500B3F30F /* ContentView.swift */; };
		286AFADD28874AF700B3F30F /* Assets.xcassets in Resources */ = {isa = PBXBuildFile; fileRef = 286AFADC28874AF700B3F30F /* Assets.xcassets */; };
		286AFAE028874AF700B3F30F /* Preview Assets.xcassets in Resources */ = {isa = PBXBuildFile; fileRef = 286AFADF28874AF700B3F30F /* Preview Assets.xcassets */; };
		286AFAE228874AF700B3F30F /* Persistence.swift in Sources */ = {isa = PBXBuildFile; fileRef = 286AFAE128874AF700B3F30F /* Persistence.swift */; };
		286AFAE528874AF700B3F30F /* coreDataWrapper_Demo.xcdatamodeld in Sources */ = {isa = PBXBuildFile; fileRef = 286AFAE328874AF700B3F30F /* coreDataWrapper_Demo.xcdatamodeld */; };
		286AFAEF28874AF700B3F30F /* coreDataWrapper_DemoTests.swift in Sources */ = {isa = PBXBuildFile; fileRef = 286AFAEE28874AF700B3F30F /* coreDataWrapper_DemoTests.swift */; };
		286AFAF928874AF700B3F30F /* coreDataWrapper_DemoUITests.swift in Sources */ = {isa = PBXBuildFile; fileRef = 286AFAF828874AF700B3F30F /* coreDataWrapper_DemoUITests.swift */; };
		286AFAFB28874AF700B3F30F /* coreDataWrapper_DemoUITestsLaunchTests.swift in Sources */ = {isa = PBXBuildFile; fileRef = 286AFAFA28874AF700B3F30F /* coreDataWrapper_DemoUITestsLaunchTests.swift */; };
/* End PBXBuildFile section */

/* Begin PBXContainerItemProxy section */
		286AFAEB28874AF700B3F30F /* PBXContainerItemProxy */ = {
			isa = PBXContainerItemProxy;
			containerPortal = 286AFACD28874AF500B3F30F /* Project object */;
			proxyType = 1;
			remoteGlobalIDString = 286AFAD428874AF500B3F30F;
			remoteInfo = "coreDataWrapper-Demo";
		};
		286AFAF528874AF700B3F30F /* PBXContainerItemProxy */ = {
			isa = PBXContainerItemProxy;
			containerPortal = 286AFACD28874AF500B3F30F /* Project object */;
			proxyType = 1;
			remoteGlobalIDString = 286AFAD428874AF500B3F30F;
			remoteInfo = "coreDataWrapper-Demo";
		};
/* End PBXContainerItemProxy section */

/* Begin PBXFileReference section */
		045DB58829A9700500C90394 /* ios-coredatawrapper */ = {isa = PBXFileReference; lastKnownFileType = wrapper; name = "ios-coredatawrapper"; path = ..; sourceTree = "<group>"; };
		28109BEF2887504C006B8FD7 /* User.swift */ = {isa = PBXFileReference; lastKnownFileType = sourcecode.swift; path = User.swift; sourceTree = "<group>"; };
		28109BF228875BDF006B8FD7 /* UserRow.swift */ = {isa = PBXFileReference; lastKnownFileType = sourcecode.swift; path = UserRow.swift; sourceTree = "<group>"; };
		28109BF428875BE9006B8FD7 /* UserList.swift */ = {isa = PBXFileReference; lastKnownFileType = sourcecode.swift; path = UserList.swift; sourceTree = "<group>"; };
		286AFAD528874AF500B3F30F /* coreDataWrapper-Demo.app */ = {isa = PBXFileReference; explicitFileType = wrapper.application; includeInIndex = 0; path = "coreDataWrapper-Demo.app"; sourceTree = BUILT_PRODUCTS_DIR; };
		286AFAD828874AF500B3F30F /* coreDataWrapper_DemoApp.swift */ = {isa = PBXFileReference; lastKnownFileType = sourcecode.swift; path = coreDataWrapper_DemoApp.swift; sourceTree = "<group>"; };
		286AFADA28874AF500B3F30F /* ContentView.swift */ = {isa = PBXFileReference; lastKnownFileType = sourcecode.swift; path = ContentView.swift; sourceTree = "<group>"; };
		286AFADC28874AF700B3F30F /* Assets.xcassets */ = {isa = PBXFileReference; lastKnownFileType = folder.assetcatalog; path = Assets.xcassets; sourceTree = "<group>"; };
		286AFADF28874AF700B3F30F /* Preview Assets.xcassets */ = {isa = PBXFileReference; lastKnownFileType = folder.assetcatalog; path = "Preview Assets.xcassets"; sourceTree = "<group>"; };
		286AFAE128874AF700B3F30F /* Persistence.swift */ = {isa = PBXFileReference; lastKnownFileType = sourcecode.swift; path = Persistence.swift; sourceTree = "<group>"; };
		286AFAE428874AF700B3F30F /* coreDataWrapper_Demo.xcdatamodel */ = {isa = PBXFileReference; lastKnownFileType = wrapper.xcdatamodel; path = coreDataWrapper_Demo.xcdatamodel; sourceTree = "<group>"; };
		286AFAEA28874AF700B3F30F /* coreDataWrapper-DemoTests.xctest */ = {isa = PBXFileReference; explicitFileType = wrapper.cfbundle; includeInIndex = 0; path = "coreDataWrapper-DemoTests.xctest"; sourceTree = BUILT_PRODUCTS_DIR; };
		286AFAEE28874AF700B3F30F /* coreDataWrapper_DemoTests.swift */ = {isa = PBXFileReference; lastKnownFileType = sourcecode.swift; path = coreDataWrapper_DemoTests.swift; sourceTree = "<group>"; };
		286AFAF428874AF700B3F30F /* coreDataWrapper-DemoUITests.xctest */ = {isa = PBXFileReference; explicitFileType = wrapper.cfbundle; includeInIndex = 0; path = "coreDataWrapper-DemoUITests.xctest"; sourceTree = BUILT_PRODUCTS_DIR; };
		286AFAF828874AF700B3F30F /* coreDataWrapper_DemoUITests.swift */ = {isa = PBXFileReference; lastKnownFileType = sourcecode.swift; path = coreDataWrapper_DemoUITests.swift; sourceTree = "<group>"; };
		286AFAFA28874AF700B3F30F /* coreDataWrapper_DemoUITestsLaunchTests.swift */ = {isa = PBXFileReference; lastKnownFileType = sourcecode.swift; path = coreDataWrapper_DemoUITestsLaunchTests.swift; sourceTree = "<group>"; };
/* End PBXFileReference section */

/* Begin PBXFrameworksBuildPhase section */
		286AFAD228874AF500B3F30F /* Frameworks */ = {
			isa = PBXFrameworksBuildPhase;
			buildActionMask = 2147483647;
			files = (
				045DB58A29A9701F00C90394 /* OrkaCoreDataWrapper in Frameworks */,
			);
			runOnlyForDeploymentPostprocessing = 0;
		};
		286AFAE728874AF700B3F30F /* Frameworks */ = {
			isa = PBXFrameworksBuildPhase;
			buildActionMask = 2147483647;
			files = (
			);
			runOnlyForDeploymentPostprocessing = 0;
		};
		286AFAF128874AF700B3F30F /* Frameworks */ = {
			isa = PBXFrameworksBuildPhase;
			buildActionMask = 2147483647;
			files = (
			);
			runOnlyForDeploymentPostprocessing = 0;
		};
/* End PBXFrameworksBuildPhase section */

/* Begin PBXGroup section */
		045DB58529A96E8800C90394 /* Packages */ = {
			isa = PBXGroup;
			children = (
				045DB58829A9700500C90394 /* ios-coredatawrapper */,
			);
			name = Packages;
			sourceTree = "<group>";
		};
		045DB58729A96FE100C90394 /* Frameworks */ = {
			isa = PBXGroup;
			children = (
			);
			name = Frameworks;
			sourceTree = "<group>";
		};
		28109BE928875023006B8FD7 /* Data */ = {
			isa = PBXGroup;
			children = (
				28109BEB2887502F006B8FD7 /* User */,
			);
			path = Data;
			sourceTree = "<group>";
		};
		28109BEA2887502A006B8FD7 /* Views */ = {
			isa = PBXGroup;
			children = (
				286AFADA28874AF500B3F30F /* ContentView.swift */,
			);
			path = Views;
			sourceTree = "<group>";
		};
		28109BEB2887502F006B8FD7 /* User */ = {
			isa = PBXGroup;
			children = (
				28109BEE28875039006B8FD7 /* List */,
				28109BED28875035006B8FD7 /* Row */,
				28109BEC28875032006B8FD7 /* Model */,
			);
			path = User;
			sourceTree = "<group>";
		};
		28109BEC28875032006B8FD7 /* Model */ = {
			isa = PBXGroup;
			children = (
				28109BEF2887504C006B8FD7 /* User.swift */,
			);
			path = Model;
			sourceTree = "<group>";
		};
		28109BED28875035006B8FD7 /* Row */ = {
			isa = PBXGroup;
			children = (
				28109BF228875BDF006B8FD7 /* UserRow.swift */,
			);
			path = Row;
			sourceTree = "<group>";
		};
		28109BEE28875039006B8FD7 /* List */ = {
			isa = PBXGroup;
			children = (
				28109BF428875BE9006B8FD7 /* UserList.swift */,
			);
			path = List;
			sourceTree = "<group>";
		};
		28109BF628875E1E006B8FD7 /* Ressource */ = {
			isa = PBXGroup;
			children = (
				28109BF728875E31006B8FD7 /* CoreData */,
				286AFADC28874AF700B3F30F /* Assets.xcassets */,
			);
			path = Ressource;
			sourceTree = "<group>";
		};
		28109BF728875E31006B8FD7 /* CoreData */ = {
			isa = PBXGroup;
			children = (
				286AFAE128874AF700B3F30F /* Persistence.swift */,
				286AFAE328874AF700B3F30F /* coreDataWrapper_Demo.xcdatamodeld */,
			);
			path = CoreData;
			sourceTree = "<group>";
		};
		286AFACC28874AF500B3F30F = {
			isa = PBXGroup;
			children = (
				045DB58529A96E8800C90394 /* Packages */,
				286AFAD728874AF500B3F30F /* coreDataWrapper-Demo */,
				286AFAED28874AF700B3F30F /* coreDataWrapper-DemoTests */,
				286AFAF728874AF700B3F30F /* coreDataWrapper-DemoUITests */,
				286AFAD628874AF500B3F30F /* Products */,
				045DB58729A96FE100C90394 /* Frameworks */,
			);
			sourceTree = "<group>";
		};
		286AFAD628874AF500B3F30F /* Products */ = {
			isa = PBXGroup;
			children = (
				286AFAD528874AF500B3F30F /* coreDataWrapper-Demo.app */,
				286AFAEA28874AF700B3F30F /* coreDataWrapper-DemoTests.xctest */,
				286AFAF428874AF700B3F30F /* coreDataWrapper-DemoUITests.xctest */,
			);
			name = Products;
			sourceTree = "<group>";
		};
		286AFAD728874AF500B3F30F /* coreDataWrapper-Demo */ = {
			isa = PBXGroup;
			children = (
				286AFAD828874AF500B3F30F /* coreDataWrapper_DemoApp.swift */,
				28109BF628875E1E006B8FD7 /* Ressource */,
				28109BE928875023006B8FD7 /* Data */,
				28109BEA2887502A006B8FD7 /* Views */,
				286AFADE28874AF700B3F30F /* Preview Content */,
			);
			path = "coreDataWrapper-Demo";
			sourceTree = "<group>";
		};
		286AFADE28874AF700B3F30F /* Preview Content */ = {
			isa = PBXGroup;
			children = (
				286AFADF28874AF700B3F30F /* Preview Assets.xcassets */,
			);
			path = "Preview Content";
			sourceTree = "<group>";
		};
		286AFAED28874AF700B3F30F /* coreDataWrapper-DemoTests */ = {
			isa = PBXGroup;
			children = (
				286AFAEE28874AF700B3F30F /* coreDataWrapper_DemoTests.swift */,
			);
			path = "coreDataWrapper-DemoTests";
			sourceTree = "<group>";
		};
		286AFAF728874AF700B3F30F /* coreDataWrapper-DemoUITests */ = {
			isa = PBXGroup;
			children = (
				286AFAF828874AF700B3F30F /* coreDataWrapper_DemoUITests.swift */,
				286AFAFA28874AF700B3F30F /* coreDataWrapper_DemoUITestsLaunchTests.swift */,
			);
			path = "coreDataWrapper-DemoUITests";
			sourceTree = "<group>";
		};
/* End PBXGroup section */

/* Begin PBXNativeTarget section */
		286AFAD428874AF500B3F30F /* coreDataWrapper-Demo */ = {
			isa = PBXNativeTarget;
			buildConfigurationList = 286AFAFE28874AF700B3F30F /* Build configuration list for PBXNativeTarget "coreDataWrapper-Demo" */;
			buildPhases = (
				286AFAD128874AF500B3F30F /* Sources */,
				286AFAD228874AF500B3F30F /* Frameworks */,
				286AFAD328874AF500B3F30F /* Resources */,
			);
			buildRules = (
			);
			dependencies = (
			);
			name = "coreDataWrapper-Demo";
			packageProductDependencies = (
				045DB58929A9701F00C90394 /* OrkaCoreDataWrapper */,
			);
			productName = "coreDataWrapper-Demo";
			productReference = 286AFAD528874AF500B3F30F /* coreDataWrapper-Demo.app */;
			productType = "com.apple.product-type.application";
		};
		286AFAE928874AF700B3F30F /* coreDataWrapper-DemoTests */ = {
			isa = PBXNativeTarget;
			buildConfigurationList = 286AFB0128874AF700B3F30F /* Build configuration list for PBXNativeTarget "coreDataWrapper-DemoTests" */;
			buildPhases = (
				286AFAE628874AF700B3F30F /* Sources */,
				286AFAE728874AF700B3F30F /* Frameworks */,
				286AFAE828874AF700B3F30F /* Resources */,
			);
			buildRules = (
			);
			dependencies = (
				286AFAEC28874AF700B3F30F /* PBXTargetDependency */,
			);
			name = "coreDataWrapper-DemoTests";
			productName = "coreDataWrapper-DemoTests";
			productReference = 286AFAEA28874AF700B3F30F /* coreDataWrapper-DemoTests.xctest */;
			productType = "com.apple.product-type.bundle.unit-test";
		};
		286AFAF328874AF700B3F30F /* coreDataWrapper-DemoUITests */ = {
			isa = PBXNativeTarget;
			buildConfigurationList = 286AFB0428874AF700B3F30F /* Build configuration list for PBXNativeTarget "coreDataWrapper-DemoUITests" */;
			buildPhases = (
				286AFAF028874AF700B3F30F /* Sources */,
				286AFAF128874AF700B3F30F /* Frameworks */,
				286AFAF228874AF700B3F30F /* Resources */,
			);
			buildRules = (
			);
			dependencies = (
				286AFAF628874AF700B3F30F /* PBXTargetDependency */,
			);
			name = "coreDataWrapper-DemoUITests";
			productName = "coreDataWrapper-DemoUITests";
			productReference = 286AFAF428874AF700B3F30F /* coreDataWrapper-DemoUITests.xctest */;
			productType = "com.apple.product-type.bundle.ui-testing";
		};
/* End PBXNativeTarget section */

/* Begin PBXProject section */
		286AFACD28874AF500B3F30F /* Project object */ = {
			isa = PBXProject;
			attributes = {
				BuildIndependentTargetsInParallel = 1;
				LastSwiftUpdateCheck = 1340;
				LastUpgradeCheck = 1340;
				TargetAttributes = {
					286AFAD428874AF500B3F30F = {
						CreatedOnToolsVersion = 13.4.1;
					};
					286AFAE928874AF700B3F30F = {
						CreatedOnToolsVersion = 13.4.1;
						TestTargetID = 286AFAD428874AF500B3F30F;
					};
					286AFAF328874AF700B3F30F = {
						CreatedOnToolsVersion = 13.4.1;
						TestTargetID = 286AFAD428874AF500B3F30F;
					};
				};
			};
			buildConfigurationList = 286AFAD028874AF500B3F30F /* Build configuration list for PBXProject "coreDataWrapper-Demo" */;
			compatibilityVersion = "Xcode 13.0";
			developmentRegion = en;
			hasScannedForEncodings = 0;
			knownRegions = (
				en,
				Base,
			);
			mainGroup = 286AFACC28874AF500B3F30F;
			productRefGroup = 286AFAD628874AF500B3F30F /* Products */;
			projectDirPath = "";
			projectRoot = "";
			targets = (
				286AFAD428874AF500B3F30F /* coreDataWrapper-Demo */,
				286AFAE928874AF700B3F30F /* coreDataWrapper-DemoTests */,
				286AFAF328874AF700B3F30F /* coreDataWrapper-DemoUITests */,
			);
		};
/* End PBXProject section */

/* Begin PBXResourcesBuildPhase section */
		286AFAD328874AF500B3F30F /* Resources */ = {
			isa = PBXResourcesBuildPhase;
			buildActionMask = 2147483647;
			files = (
				286AFAE028874AF700B3F30F /* Preview Assets.xcassets in Resources */,
				286AFADD28874AF700B3F30F /* Assets.xcassets in Resources */,
			);
			runOnlyForDeploymentPostprocessing = 0;
		};
		286AFAE828874AF700B3F30F /* Resources */ = {
			isa = PBXResourcesBuildPhase;
			buildActionMask = 2147483647;
			files = (
			);
			runOnlyForDeploymentPostprocessing = 0;
		};
		286AFAF228874AF700B3F30F /* Resources */ = {
			isa = PBXResourcesBuildPhase;
			buildActionMask = 2147483647;
			files = (
			);
			runOnlyForDeploymentPostprocessing = 0;
		};
/* End PBXResourcesBuildPhase section */

/* Begin PBXSourcesBuildPhase section */
		286AFAD128874AF500B3F30F /* Sources */ = {
			isa = PBXSourcesBuildPhase;
			buildActionMask = 2147483647;
			files = (
				286AFAE228874AF700B3F30F /* Persistence.swift in Sources */,
				286AFADB28874AF500B3F30F /* ContentView.swift in Sources */,
				286AFAD928874AF500B3F30F /* coreDataWrapper_DemoApp.swift in Sources */,
				28109BF328875BDF006B8FD7 /* UserRow.swift in Sources */,
				286AFAE528874AF700B3F30F /* coreDataWrapper_Demo.xcdatamodeld in Sources */,
				28109BF528875BE9006B8FD7 /* UserList.swift in Sources */,
				28109BF02887504C006B8FD7 /* User.swift in Sources */,
			);
			runOnlyForDeploymentPostprocessing = 0;
		};
		286AFAE628874AF700B3F30F /* Sources */ = {
			isa = PBXSourcesBuildPhase;
			buildActionMask = 2147483647;
			files = (
				286AFAEF28874AF700B3F30F /* coreDataWrapper_DemoTests.swift in Sources */,
			);
			runOnlyForDeploymentPostprocessing = 0;
		};
		286AFAF028874AF700B3F30F /* Sources */ = {
			isa = PBXSourcesBuildPhase;
			buildActionMask = 2147483647;
			files = (
				286AFAFB28874AF700B3F30F /* coreDataWrapper_DemoUITestsLaunchTests.swift in Sources */,
				286AFAF928874AF700B3F30F /* coreDataWrapper_DemoUITests.swift in Sources */,
			);
			runOnlyForDeploymentPostprocessing = 0;
		};
/* End PBXSourcesBuildPhase section */

/* Begin PBXTargetDependency section */
		286AFAEC28874AF700B3F30F /* PBXTargetDependency */ = {
			isa = PBXTargetDependency;
			target = 286AFAD428874AF500B3F30F /* coreDataWrapper-Demo */;
			targetProxy = 286AFAEB28874AF700B3F30F /* PBXContainerItemProxy */;
		};
		286AFAF628874AF700B3F30F /* PBXTargetDependency */ = {
			isa = PBXTargetDependency;
			target = 286AFAD428874AF500B3F30F /* coreDataWrapper-Demo */;
			targetProxy = 286AFAF528874AF700B3F30F /* PBXContainerItemProxy */;
		};
/* End PBXTargetDependency section */

/* Begin XCBuildConfiguration section */
		286AFAFC28874AF700B3F30F /* Debug */ = {
			isa = XCBuildConfiguration;
			buildSettings = {
				ALWAYS_SEARCH_USER_PATHS = NO;
				CLANG_ANALYZER_NONNULL = YES;
				CLANG_ANALYZER_NUMBER_OBJECT_CONVERSION = YES_AGGRESSIVE;
				CLANG_CXX_LANGUAGE_STANDARD = "gnu++17";
				CLANG_ENABLE_MODULES = YES;
				CLANG_ENABLE_OBJC_ARC = YES;
				CLANG_ENABLE_OBJC_WEAK = YES;
				CLANG_WARN_BLOCK_CAPTURE_AUTORELEASING = YES;
				CLANG_WARN_BOOL_CONVERSION = YES;
				CLANG_WARN_COMMA = YES;
				CLANG_WARN_CONSTANT_CONVERSION = YES;
				CLANG_WARN_DEPRECATED_OBJC_IMPLEMENTATIONS = YES;
				CLANG_WARN_DIRECT_OBJC_ISA_USAGE = YES_ERROR;
				CLANG_WARN_DOCUMENTATION_COMMENTS = YES;
				CLANG_WARN_EMPTY_BODY = YES;
				CLANG_WARN_ENUM_CONVERSION = YES;
				CLANG_WARN_INFINITE_RECURSION = YES;
				CLANG_WARN_INT_CONVERSION = YES;
				CLANG_WARN_NON_LITERAL_NULL_CONVERSION = YES;
				CLANG_WARN_OBJC_IMPLICIT_RETAIN_SELF = YES;
				CLANG_WARN_OBJC_LITERAL_CONVERSION = YES;
				CLANG_WARN_OBJC_ROOT_CLASS = YES_ERROR;
				CLANG_WARN_QUOTED_INCLUDE_IN_FRAMEWORK_HEADER = YES;
				CLANG_WARN_RANGE_LOOP_ANALYSIS = YES;
				CLANG_WARN_STRICT_PROTOTYPES = YES;
				CLANG_WARN_SUSPICIOUS_MOVE = YES;
				CLANG_WARN_UNGUARDED_AVAILABILITY = YES_AGGRESSIVE;
				CLANG_WARN_UNREACHABLE_CODE = YES;
				CLANG_WARN__DUPLICATE_METHOD_MATCH = YES;
				COPY_PHASE_STRIP = NO;
				DEBUG_INFORMATION_FORMAT = dwarf;
				ENABLE_STRICT_OBJC_MSGSEND = YES;
				ENABLE_TESTABILITY = YES;
				GCC_C_LANGUAGE_STANDARD = gnu11;
				GCC_DYNAMIC_NO_PIC = NO;
				GCC_NO_COMMON_BLOCKS = YES;
				GCC_OPTIMIZATION_LEVEL = 0;
				GCC_PREPROCESSOR_DEFINITIONS = (
					"DEBUG=1",
					"$(inherited)",
				);
				GCC_WARN_64_TO_32_BIT_CONVERSION = YES;
				GCC_WARN_ABOUT_RETURN_TYPE = YES_ERROR;
				GCC_WARN_UNDECLARED_SELECTOR = YES;
				GCC_WARN_UNINITIALIZED_AUTOS = YES_AGGRESSIVE;
				GCC_WARN_UNUSED_FUNCTION = YES;
				GCC_WARN_UNUSED_VARIABLE = YES;
				IPHONEOS_DEPLOYMENT_TARGET = 15.5;
				MTL_ENABLE_DEBUG_INFO = INCLUDE_SOURCE;
				MTL_FAST_MATH = YES;
				ONLY_ACTIVE_ARCH = YES;
				SDKROOT = iphoneos;
				SWIFT_ACTIVE_COMPILATION_CONDITIONS = DEBUG;
				SWIFT_OPTIMIZATION_LEVEL = "-Onone";
			};
			name = Debug;
		};
		286AFAFD28874AF700B3F30F /* Release */ = {
			isa = XCBuildConfiguration;
			buildSettings = {
				ALWAYS_SEARCH_USER_PATHS = NO;
				CLANG_ANALYZER_NONNULL = YES;
				CLANG_ANALYZER_NUMBER_OBJECT_CONVERSION = YES_AGGRESSIVE;
				CLANG_CXX_LANGUAGE_STANDARD = "gnu++17";
				CLANG_ENABLE_MODULES = YES;
				CLANG_ENABLE_OBJC_ARC = YES;
				CLANG_ENABLE_OBJC_WEAK = YES;
				CLANG_WARN_BLOCK_CAPTURE_AUTORELEASING = YES;
				CLANG_WARN_BOOL_CONVERSION = YES;
				CLANG_WARN_COMMA = YES;
				CLANG_WARN_CONSTANT_CONVERSION = YES;
				CLANG_WARN_DEPRECATED_OBJC_IMPLEMENTATIONS = YES;
				CLANG_WARN_DIRECT_OBJC_ISA_USAGE = YES_ERROR;
				CLANG_WARN_DOCUMENTATION_COMMENTS = YES;
				CLANG_WARN_EMPTY_BODY = YES;
				CLANG_WARN_ENUM_CONVERSION = YES;
				CLANG_WARN_INFINITE_RECURSION = YES;
				CLANG_WARN_INT_CONVERSION = YES;
				CLANG_WARN_NON_LITERAL_NULL_CONVERSION = YES;
				CLANG_WARN_OBJC_IMPLICIT_RETAIN_SELF = YES;
				CLANG_WARN_OBJC_LITERAL_CONVERSION = YES;
				CLANG_WARN_OBJC_ROOT_CLASS = YES_ERROR;
				CLANG_WARN_QUOTED_INCLUDE_IN_FRAMEWORK_HEADER = YES;
				CLANG_WARN_RANGE_LOOP_ANALYSIS = YES;
				CLANG_WARN_STRICT_PROTOTYPES = YES;
				CLANG_WARN_SUSPICIOUS_MOVE = YES;
				CLANG_WARN_UNGUARDED_AVAILABILITY = YES_AGGRESSIVE;
				CLANG_WARN_UNREACHABLE_CODE = YES;
				CLANG_WARN__DUPLICATE_METHOD_MATCH = YES;
				COPY_PHASE_STRIP = NO;
				DEBUG_INFORMATION_FORMAT = "dwarf-with-dsym";
				ENABLE_NS_ASSERTIONS = NO;
				ENABLE_STRICT_OBJC_MSGSEND = YES;
				GCC_C_LANGUAGE_STANDARD = gnu11;
				GCC_NO_COMMON_BLOCKS = YES;
				GCC_WARN_64_TO_32_BIT_CONVERSION = YES;
				GCC_WARN_ABOUT_RETURN_TYPE = YES_ERROR;
				GCC_WARN_UNDECLARED_SELECTOR = YES;
				GCC_WARN_UNINITIALIZED_AUTOS = YES_AGGRESSIVE;
				GCC_WARN_UNUSED_FUNCTION = YES;
				GCC_WARN_UNUSED_VARIABLE = YES;
				IPHONEOS_DEPLOYMENT_TARGET = 15.5;
				MTL_ENABLE_DEBUG_INFO = NO;
				MTL_FAST_MATH = YES;
				SDKROOT = iphoneos;
				SWIFT_COMPILATION_MODE = wholemodule;
				SWIFT_OPTIMIZATION_LEVEL = "-O";
				VALIDATE_PRODUCT = YES;
			};
			name = Release;
		};
		286AFAFF28874AF700B3F30F /* Debug */ = {
			isa = XCBuildConfiguration;
			buildSettings = {
				ALWAYS_EMBED_SWIFT_STANDARD_LIBRARIES = "$(inherited)";
				ASSETCATALOG_COMPILER_APPICON_NAME = AppIcon;
				ASSETCATALOG_COMPILER_GLOBAL_ACCENT_COLOR_NAME = AccentColor;
				CODE_SIGN_STYLE = Automatic;
				CURRENT_PROJECT_VERSION = 1;
				DEVELOPMENT_ASSET_PATHS = "\"coreDataWrapper-Demo/Preview Content\"";
				DEVELOPMENT_TEAM = 6M3752W435;
				ENABLE_PREVIEWS = YES;
				GENERATE_INFOPLIST_FILE = YES;
				INFOPLIST_KEY_UIApplicationSceneManifest_Generation = YES;
				INFOPLIST_KEY_UIApplicationSupportsIndirectInputEvents = YES;
				INFOPLIST_KEY_UILaunchScreen_Generation = YES;
				INFOPLIST_KEY_UISupportedInterfaceOrientations_iPad = "UIInterfaceOrientationPortrait UIInterfaceOrientationPortraitUpsideDown UIInterfaceOrientationLandscapeLeft UIInterfaceOrientationLandscapeRight";
				INFOPLIST_KEY_UISupportedInterfaceOrientations_iPhone = "UIInterfaceOrientationPortrait UIInterfaceOrientationLandscapeLeft UIInterfaceOrientationLandscapeRight";
				LD_RUNPATH_SEARCH_PATHS = (
					"$(inherited)",
					"@executable_path/Frameworks",
				);
				MARKETING_VERSION = 1.0;
				PRODUCT_BUNDLE_IDENTIFIER = "com.orka.coreDataWrapper-Demo";
				PRODUCT_NAME = "$(TARGET_NAME)";
				SWIFT_EMIT_LOC_STRINGS = YES;
				SWIFT_VERSION = 5.0;
				TARGETED_DEVICE_FAMILY = "1,2";
			};
			name = Debug;
		};
		286AFB0028874AF700B3F30F /* Release */ = {
			isa = XCBuildConfiguration;
			buildSettings = {
				ALWAYS_EMBED_SWIFT_STANDARD_LIBRARIES = "$(inherited)";
				ASSETCATALOG_COMPILER_APPICON_NAME = AppIcon;
				ASSETCATALOG_COMPILER_GLOBAL_ACCENT_COLOR_NAME = AccentColor;
				CODE_SIGN_STYLE = Automatic;
				CURRENT_PROJECT_VERSION = 1;
				DEVELOPMENT_ASSET_PATHS = "\"coreDataWrapper-Demo/Preview Content\"";
				DEVELOPMENT_TEAM = 6M3752W435;
				ENABLE_PREVIEWS = YES;
				GENERATE_INFOPLIST_FILE = YES;
				INFOPLIST_KEY_UIApplicationSceneManifest_Generation = YES;
				INFOPLIST_KEY_UIApplicationSupportsIndirectInputEvents = YES;
				INFOPLIST_KEY_UILaunchScreen_Generation = YES;
				INFOPLIST_KEY_UISupportedInterfaceOrientations_iPad = "UIInterfaceOrientationPortrait UIInterfaceOrientationPortraitUpsideDown UIInterfaceOrientationLandscapeLeft UIInterfaceOrientationLandscapeRight";
				INFOPLIST_KEY_UISupportedInterfaceOrientations_iPhone = "UIInterfaceOrientationPortrait UIInterfaceOrientationLandscapeLeft UIInterfaceOrientationLandscapeRight";
				LD_RUNPATH_SEARCH_PATHS = (
					"$(inherited)",
					"@executable_path/Frameworks",
				);
				MARKETING_VERSION = 1.0;
				PRODUCT_BUNDLE_IDENTIFIER = "com.orka.coreDataWrapper-Demo";
				PRODUCT_NAME = "$(TARGET_NAME)";
				SWIFT_EMIT_LOC_STRINGS = YES;
				SWIFT_VERSION = 5.0;
				TARGETED_DEVICE_FAMILY = "1,2";
			};
			name = Release;
		};
		286AFB0228874AF700B3F30F /* Debug */ = {
			isa = XCBuildConfiguration;
			buildSettings = {
				ALWAYS_EMBED_SWIFT_STANDARD_LIBRARIES = "$(inherited)";
				BUNDLE_LOADER = "$(TEST_HOST)";
				CODE_SIGN_STYLE = Automatic;
				CURRENT_PROJECT_VERSION = 1;
				DEVELOPMENT_TEAM = 6M3752W435;
				GENERATE_INFOPLIST_FILE = YES;
				IPHONEOS_DEPLOYMENT_TARGET = 15.5;
				MARKETING_VERSION = 1.0;
				PRODUCT_BUNDLE_IDENTIFIER = "com.orka.coreDataWrapper-DemoTests";
				PRODUCT_NAME = "$(TARGET_NAME)";
				SWIFT_EMIT_LOC_STRINGS = NO;
				SWIFT_VERSION = 5.0;
				TARGETED_DEVICE_FAMILY = "1,2";
				TEST_HOST = "$(BUILT_PRODUCTS_DIR)/coreDataWrapper-Demo.app/coreDataWrapper-Demo";
			};
			name = Debug;
		};
		286AFB0328874AF700B3F30F /* Release */ = {
			isa = XCBuildConfiguration;
			buildSettings = {
				ALWAYS_EMBED_SWIFT_STANDARD_LIBRARIES = "$(inherited)";
				BUNDLE_LOADER = "$(TEST_HOST)";
				CODE_SIGN_STYLE = Automatic;
				CURRENT_PROJECT_VERSION = 1;
				DEVELOPMENT_TEAM = 6M3752W435;
				GENERATE_INFOPLIST_FILE = YES;
				IPHONEOS_DEPLOYMENT_TARGET = 15.5;
				MARKETING_VERSION = 1.0;
				PRODUCT_BUNDLE_IDENTIFIER = "com.orka.coreDataWrapper-DemoTests";
				PRODUCT_NAME = "$(TARGET_NAME)";
				SWIFT_EMIT_LOC_STRINGS = NO;
				SWIFT_VERSION = 5.0;
				TARGETED_DEVICE_FAMILY = "1,2";
				TEST_HOST = "$(BUILT_PRODUCTS_DIR)/coreDataWrapper-Demo.app/coreDataWrapper-Demo";
			};
			name = Release;
		};
		286AFB0528874AF700B3F30F /* Debug */ = {
			isa = XCBuildConfiguration;
			buildSettings = {
				ALWAYS_EMBED_SWIFT_STANDARD_LIBRARIES = "$(inherited)";
				CODE_SIGN_STYLE = Automatic;
				CURRENT_PROJECT_VERSION = 1;
				DEVELOPMENT_TEAM = 6M3752W435;
				GENERATE_INFOPLIST_FILE = YES;
				MARKETING_VERSION = 1.0;
				PRODUCT_BUNDLE_IDENTIFIER = "com.orka.coreDataWrapper-DemoUITests";
				PRODUCT_NAME = "$(TARGET_NAME)";
				SWIFT_EMIT_LOC_STRINGS = NO;
				SWIFT_VERSION = 5.0;
				TARGETED_DEVICE_FAMILY = "1,2";
				TEST_TARGET_NAME = "coreDataWrapper-Demo";
			};
			name = Debug;
		};
		286AFB0628874AF700B3F30F /* Release */ = {
			isa = XCBuildConfiguration;
			buildSettings = {
				ALWAYS_EMBED_SWIFT_STANDARD_LIBRARIES = "$(inherited)";
				CODE_SIGN_STYLE = Automatic;
				CURRENT_PROJECT_VERSION = 1;
				DEVELOPMENT_TEAM = 6M3752W435;
				GENERATE_INFOPLIST_FILE = YES;
				MARKETING_VERSION = 1.0;
				PRODUCT_BUNDLE_IDENTIFIER = "com.orka.coreDataWrapper-DemoUITests";
				PRODUCT_NAME = "$(TARGET_NAME)";
				SWIFT_EMIT_LOC_STRINGS = NO;
				SWIFT_VERSION = 5.0;
				TARGETED_DEVICE_FAMILY = "1,2";
				TEST_TARGET_NAME = "coreDataWrapper-Demo";
			};
			name = Release;
		};
/* End XCBuildConfiguration section */

/* Begin XCConfigurationList section */
		286AFAD028874AF500B3F30F /* Build configuration list for PBXProject "coreDataWrapper-Demo" */ = {
			isa = XCConfigurationList;
			buildConfigurations = (
				286AFAFC28874AF700B3F30F /* Debug */,
				286AFAFD28874AF700B3F30F /* Release */,
			);
			defaultConfigurationIsVisible = 0;
			defaultConfigurationName = Release;
		};
		286AFAFE28874AF700B3F30F /* Build configuration list for PBXNativeTarget "coreDataWrapper-Demo" */ = {
			isa = XCConfigurationList;
			buildConfigurations = (
				286AFAFF28874AF700B3F30F /* Debug */,
				286AFB0028874AF700B3F30F /* Release */,
			);
			defaultConfigurationIsVisible = 0;
			defaultConfigurationName = Release;
		};
		286AFB0128874AF700B3F30F /* Build configuration list for PBXNativeTarget "coreDataWrapper-DemoTests" */ = {
			isa = XCConfigurationList;
			buildConfigurations = (
				286AFB0228874AF700B3F30F /* Debug */,
				286AFB0328874AF700B3F30F /* Release */,
			);
			defaultConfigurationIsVisible = 0;
			defaultConfigurationName = Release;
		};
		286AFB0428874AF700B3F30F /* Build configuration list for PBXNativeTarget "coreDataWrapper-DemoUITests" */ = {
			isa = XCConfigurationList;
			buildConfigurations = (
				286AFB0528874AF700B3F30F /* Debug */,
				286AFB0628874AF700B3F30F /* Release */,
			);
			defaultConfigurationIsVisible = 0;
			defaultConfigurationName = Release;
		};
/* End XCConfigurationList section */

/* Begin XCSwiftPackageProductDependency section */
		045DB58929A9701F00C90394 /* OrkaCoreDataWrapper */ = {
			isa = XCSwiftPackageProductDependency;
			productName = OrkaCoreDataWrapper;
		};
/* End XCSwiftPackageProductDependency section */

/* Begin XCVersionGroup section */
		286AFAE328874AF700B3F30F /* coreDataWrapper_Demo.xcdatamodeld */ = {
			isa = XCVersionGroup;
			children = (
				286AFAE428874AF700B3F30F /* coreDataWrapper_Demo.xcdatamodel */,
			);
			currentVersion = 286AFAE428874AF700B3F30F /* coreDataWrapper_Demo.xcdatamodel */;
			path = coreDataWrapper_Demo.xcdatamodeld;
			sourceTree = "<group>";
			versionGroupType = wrapper.xcdatamodel;
		};
/* End XCVersionGroup section */
	};
	rootObject = 286AFACD28874AF500B3F30F /* Project object */;
}
